
Microsoft Visual Studio Solution File, Format Version 12.00
# Visual Studio Version 17
VisualStudioVersion = 17.12.35527.113 d17.12
MinimumVisualStudioVersion = 10.0.40219.1
Project("{FAE04EC0-301F-11D3-BF4B-00C04F79EFBC}") = "ATKApplication", "ATKApplication\ATKApplication.csproj", "{985F9725-EA26-4E76-898A-AEEA6E32580A}"
EndProject
Project("{2150E333-8FDC-42A3-9474-1A3956D46DE8}") = "Solution Items", "Solution Items", "{145FC63E-2B43-4382-82C8-AA2028AA13D8}"
	ProjectSection(SolutionItems) = preProject
		.editorconfig = .editorconfig
	EndProjectSection
EndProject
Project("{FAE04EC0-301F-11D3-BF4B-00C04F79EFBC}") = "ATKApplication.Domain", "ATKApplication.Domain\ATKApplication.Domain.csproj", "{12CD1F7A-CF8B-4DCF-86D5-A80C55471D2A}"
EndProject
Project("{FAE04EC0-301F-11D3-BF4B-00C04F79EFBC}") = "ATKApplication.Infrastructure", "ATKApplication.Infrastructure\ATKApplication.Infrastructure.csproj", "{E627901C-77AD-4D66-957F-5F0A9CBF9720}"
EndProject
Project("{FAE04EC0-301F-11D3-BF4B-00C04F79EFBC}") = "ATKApplication.Services", "ATKApplication.Services\ATKApplication.Services.csproj", "{65219C57-6003-43C3-A3E3-1A4DF212A12D}"
EndProject
Global
	GlobalSection(SolutionConfigurationPlatforms) = preSolution
		Debug|Any CPU = Debug|Any CPU
		Release|Any CPU = Release|Any CPU
	EndGlobalSection
	GlobalSection(ProjectConfigurationPlatforms) = postSolution
		{985F9725-EA26-4E76-898A-AEEA6E32580A}.Debug|Any CPU.ActiveCfg = Debug|Any CPU
		{985F9725-EA26-4E76-898A-AEEA6E32580A}.Debug|Any CPU.Build.0 = Debug|Any CPU
		{985F9725-EA26-4E76-898A-AEEA6E32580A}.Release|Any CPU.ActiveCfg = Release|Any CPU
		{985F9725-EA26-4E76-898A-AEEA6E32580A}.Release|Any CPU.Build.0 = Release|Any CPU
		{12CD1F7A-CF8B-4DCF-86D5-A80C55471D2A}.Debug|Any CPU.ActiveCfg = Debug|Any CPU
		{12CD1F7A-CF8B-4DCF-86D5-A80C55471D2A}.Debug|Any CPU.Build.0 = Debug|Any CPU
		{12CD1F7A-CF8B-4DCF-86D5-A80C55471D2A}.Release|Any CPU.ActiveCfg = Release|Any CPU
		{12CD1F7A-CF8B-4DCF-86D5-A80C55471D2A}.Release|Any CPU.Build.0 = Release|Any CPU
		{E627901C-77AD-4D66-957F-5F0A9CBF9720}.Debug|Any CPU.ActiveCfg = Debug|Any CPU
		{E627901C-77AD-4D66-957F-5F0A9CBF9720}.Debug|Any CPU.Build.0 = Debug|Any CPU
		{E627901C-77AD-4D66-957F-5F0A9CBF9720}.Release|Any CPU.ActiveCfg = Release|Any CPU
		{E627901C-77AD-4D66-957F-5F0A9CBF9720}.Release|Any CPU.Build.0 = Release|Any CPU
		{65219C57-6003-43C3-A3E3-1A4DF212A12D}.Debug|Any CPU.ActiveCfg = Debug|Any CPU
		{65219C57-6003-43C3-A3E3-1A4DF212A12D}.Debug|Any CPU.Build.0 = Debug|Any CPU
		{65219C57-6003-43C3-A3E3-1A4DF212A12D}.Release|Any CPU.ActiveCfg = Release|Any CPU
		{65219C57-6003-43C3-A3E3-1A4DF212A12D}.Release|Any CPU.Build.0 = Release|Any CPU
	EndGlobalSection
	GlobalSection(SolutionProperties) = preSolution
		HideSolutionNode = FALSE
	EndGlobalSection
	GlobalSection(ExtensibilityGlobals) = postSolution
		SolutionGuid = {5D69AC1D-86AF-4998-8468-67D10B430082}
	EndGlobalSection
EndGlobal
